
Microsoft Visual Studio Solution File, Format Version 12.00
# Visual Studio Version 16
VisualStudioVersion = 16.0.31025.194
MinimumVisualStudioVersion = 10.0.40219.1
Project("{FAE04EC0-301F-11D3-BF4B-00C04F79EFBC}") = "RunewarsBattleSimulation", "RunewarsBattleSimulation.csproj", "{B1B544E9-9CE9-4364-BF5B-A95CF607C4F2}"
EndProject
Project("{FAE04EC0-301F-11D3-BF4B-00C04F79EFBC}") = "RunewarsBattleSimulationTests", "..\RunewarsBattleSimulationTests\RunewarsBattleSimulationTests.csproj", "{9400D3E3-67EA-4B9E-8B71-53223F674D7B}"
EndProject
Global
	GlobalSection(SolutionConfigurationPlatforms) = preSolution
		Debug|Any CPU = Debug|Any CPU
		Release|Any CPU = Release|Any CPU
	EndGlobalSection
	GlobalSection(ProjectConfigurationPlatforms) = postSolution
		{B1B544E9-9CE9-4364-BF5B-A95CF607C4F2}.Debug|Any CPU.ActiveCfg = Debug|Any CPU
		{B1B544E9-9CE9-4364-BF5B-A95CF607C4F2}.Debug|Any CPU.Build.0 = Debug|Any CPU
		{B1B544E9-9CE9-4364-BF5B-A95CF607C4F2}.Release|Any CPU.ActiveCfg = Release|Any CPU
		{B1B544E9-9CE9-4364-BF5B-A95CF607C4F2}.Release|Any CPU.Build.0 = Release|Any CPU
		{9400D3E3-67EA-4B9E-8B71-53223F674D7B}.Debug|Any CPU.ActiveCfg = Debug|Any CPU
		{9400D3E3-67EA-4B9E-8B71-53223F674D7B}.Debug|Any CPU.Build.0 = Debug|Any CPU
		{9400D3E3-67EA-4B9E-8B71-53223F674D7B}.Release|Any CPU.ActiveCfg = Release|Any CPU
		{9400D3E3-67EA-4B9E-8B71-53223F674D7B}.Release|Any CPU.Build.0 = Release|Any CPU
	EndGlobalSection
	GlobalSection(SolutionProperties) = preSolution
		HideSolutionNode = FALSE
	EndGlobalSection
	GlobalSection(ExtensibilityGlobals) = postSolution
		SolutionGuid = {6769CE28-A58A-47D5-B355-60A95DBC7B71}
	EndGlobalSection
EndGlobal
